// !$*UTF8*$!
{
	archiveVersion = 1;
	classes = {
	};
	objectVersion = 77;
	objects = {

/* Begin PBXContainerItemProxy section */
		A91C5C632DA1965000F3E47B /* PBXContainerItemProxy */ = {
			isa = PBXContainerItemProxy;
			containerPortal = A91C5C4D2DA1964E00F3E47B /* Project object */;
			proxyType = 1;
			remoteGlobalIDString = A91C5C542DA1964E00F3E47B;
			remoteInfo = FetchRecipe;
		};
		A91C5C6D2DA1965000F3E47B /* PBXContainerItemProxy */ = {
			isa = PBXContainerItemProxy;
			containerPortal = A91C5C4D2DA1964E00F3E47B /* Project object */;
			proxyType = 1;
			remoteGlobalIDString = A91C5C542DA1964E00F3E47B;
			remoteInfo = FetchRecipe;
		};
/* End PBXContainerItemProxy section */

/* Begin PBXFileReference section */
		A91C5C552DA1964E00F3E47B /* FetchRecipe.app */ = {isa = PBXFileReference; explicitFileType = wrapper.application; includeInIndex = 0; path = FetchRecipe.app; sourceTree = BUILT_PRODUCTS_DIR; };
		A91C5C622DA1965000F3E47B /* FetchRecipeTests.xctest */ = {isa = PBXFileReference; explicitFileType = wrapper.cfbundle; includeInIndex = 0; path = FetchRecipeTests.xctest; sourceTree = BUILT_PRODUCTS_DIR; };
		A91C5C6C2DA1965000F3E47B /* FetchRecipeUITests.xctest */ = {isa = PBXFileReference; explicitFileType = wrapper.cfbundle; includeInIndex = 0; path = FetchRecipeUITests.xctest; sourceTree = BUILT_PRODUCTS_DIR; };
/* End PBXFileReference section */

/* Begin PBXFileSystemSynchronizedRootGroup section */
		A91C5C572DA1964E00F3E47B /* FetchRecipe */ = {
			isa = PBXFileSystemSynchronizedRootGroup;
			path = FetchRecipe;
			sourceTree = "<group>";
		};
		A91C5C652DA1965000F3E47B /* FetchRecipeTests */ = {
			isa = PBXFileSystemSynchronizedRootGroup;
			path = FetchRecipeTests;
			sourceTree = "<group>";
		};
		A91C5C6F2DA1965000F3E47B /* FetchRecipeUITests */ = {
			isa = PBXFileSystemSynchronizedRootGroup;
			path = FetchRecipeUITests;
			sourceTree = "<group>";
		};
/* End PBXFileSystemSynchronizedRootGroup section */

/* Begin PBXFrameworksBuildPhase section */
		A91C5C522DA1964E00F3E47B /* Frameworks */ = {
			isa = PBXFrameworksBuildPhase;
			buildActionMask = 2147483647;
			files = (
			);
			runOnlyForDeploymentPostprocessing = 0;
		};
		A91C5C5F2DA1965000F3E47B /* Frameworks */ = {
			isa = PBXFrameworksBuildPhase;
			buildActionMask = 2147483647;
			files = (
			);
			runOnlyForDeploymentPostprocessing = 0;
		};
		A91C5C692DA1965000F3E47B /* Frameworks */ = {
			isa = PBXFrameworksBuildPhase;
			buildActionMask = 2147483647;
			files = (
			);
			runOnlyForDeploymentPostprocessing = 0;
		};
/* End PBXFrameworksBuildPhase section */

/* Begin PBXGroup section */
		A91C5C4C2DA1964E00F3E47B = {
			isa = PBXGroup;
			children = (
				A91C5C572DA1964E00F3E47B /* FetchRecipe */,
				A91C5C652DA1965000F3E47B /* FetchRecipeTests */,
				A91C5C6F2DA1965000F3E47B /* FetchRecipeUITests */,
				A91C5C562DA1964E00F3E47B /* Products */,
			);
			sourceTree = "<group>";
		};
		A91C5C562DA1964E00F3E47B /* Products */ = {
			isa = PBXGroup;
			children = (
				A91C5C552DA1964E00F3E47B /* FetchRecipe.app */,
				A91C5C622DA1965000F3E47B /* FetchRecipeTests.xctest */,
				A91C5C6C2DA1965000F3E47B /* FetchRecipeUITests.xctest */,
			);
			name = Products;
			sourceTree = "<group>";
		};
/* End PBXGroup section */

/* Begin PBXNativeTarget section */
		A91C5C542DA1964E00F3E47B /* FetchRecipe */ = {
			isa = PBXNativeTarget;
			buildConfigurationList = A91C5C762DA1965000F3E47B /* Build configuration list for PBXNativeTarget "FetchRecipe" */;
			buildPhases = (
				A91C5C512DA1964E00F3E47B /* Sources */,
				A91C5C522DA1964E00F3E47B /* Frameworks */,
				A91C5C532DA1964E00F3E47B /* Resources */,
			);
			buildRules = (
			);
			dependencies = (
			);
			fileSystemSynchronizedGroups = (
				A91C5C572DA1964E00F3E47B /* FetchRecipe */,
			);
			name = FetchRecipe;
			packageProductDependencies = (
			);
			productName = FetchRecipe;
			productReference = A91C5C552DA1964E00F3E47B /* FetchRecipe.app */;
			productType = "com.apple.product-type.application";
		};
		A91C5C612DA1965000F3E47B /* FetchRecipeTests */ = {
			isa = PBXNativeTarget;
			buildConfigurationList = A91C5C792DA1965000F3E47B /* Build configuration list for PBXNativeTarget "FetchRecipeTests" */;
			buildPhases = (
				A91C5C5E2DA1965000F3E47B /* Sources */,
				A91C5C5F2DA1965000F3E47B /* Frameworks */,
				A91C5C602DA1965000F3E47B /* Resources */,
			);
			buildRules = (
			);
			dependencies = (
				A91C5C642DA1965000F3E47B /* PBXTargetDependency */,
			);
			fileSystemSynchronizedGroups = (
				A91C5C652DA1965000F3E47B /* FetchRecipeTests */,
			);
			name = FetchRecipeTests;
			packageProductDependencies = (
			);
			productName = FetchRecipeTests;
			productReference = A91C5C622DA1965000F3E47B /* FetchRecipeTests.xctest */;
			productType = "com.apple.product-type.bundle.unit-test";
		};
		A91C5C6B2DA1965000F3E47B /* FetchRecipeUITests */ = {
			isa = PBXNativeTarget;
			buildConfigurationList = A91C5C7C2DA1965000F3E47B /* Build configuration list for PBXNativeTarget "FetchRecipeUITests" */;
			buildPhases = (
				A91C5C682DA1965000F3E47B /* Sources */,
				A91C5C692DA1965000F3E47B /* Frameworks */,
				A91C5C6A2DA1965000F3E47B /* Resources */,
			);
			buildRules = (
			);
			dependencies = (
				A91C5C6E2DA1965000F3E47B /* PBXTargetDependency */,
			);
			fileSystemSynchronizedGroups = (
				A91C5C6F2DA1965000F3E47B /* FetchRecipeUITests */,
			);
			name = FetchRecipeUITests;
			packageProductDependencies = (
			);
			productName = FetchRecipeUITests;
			productReference = A91C5C6C2DA1965000F3E47B /* FetchRecipeUITests.xctest */;
			productType = "com.apple.product-type.bundle.ui-testing";
		};
/* End PBXNativeTarget section */

/* Begin PBXProject section */
		A91C5C4D2DA1964E00F3E47B /* Project object */ = {
			isa = PBXProject;
			attributes = {
				BuildIndependentTargetsInParallel = 1;
				LastSwiftUpdateCheck = 1630;
				LastUpgradeCheck = 1630;
				TargetAttributes = {
					A91C5C542DA1964E00F3E47B = {
						CreatedOnToolsVersion = 16.3;
					};
					A91C5C612DA1965000F3E47B = {
						CreatedOnToolsVersion = 16.3;
						TestTargetID = A91C5C542DA1964E00F3E47B;
					};
					A91C5C6B2DA1965000F3E47B = {
						CreatedOnToolsVersion = 16.3;
						TestTargetID = A91C5C542DA1964E00F3E47B;
					};
				};
			};
			buildConfigurationList = A91C5C502DA1964E00F3E47B /* Build configuration list for PBXProject "FetchRecipe" */;
			developmentRegion = en;
			hasScannedForEncodings = 0;
			knownRegions = (
				en,
				Base,
			);
			mainGroup = A91C5C4C2DA1964E00F3E47B;
			minimizedProjectReferenceProxies = 1;
			preferredProjectObjectVersion = 77;
			productRefGroup = A91C5C562DA1964E00F3E47B /* Products */;
			projectDirPath = "";
			projectRoot = "";
			targets = (
				A91C5C542DA1964E00F3E47B /* FetchRecipe */,
				A91C5C612DA1965000F3E47B /* FetchRecipeTests */,
				A91C5C6B2DA1965000F3E47B /* FetchRecipeUITests */,
			);
		};
/* End PBXProject section */

/* Begin PBXResourcesBuildPhase section */
		A91C5C532DA1964E00F3E47B /* Resources */ = {
			isa = PBXResourcesBuildPhase;
			buildActionMask = 2147483647;
			files = (
			);
			runOnlyForDeploymentPostprocessing = 0;
		};
		A91C5C602DA1965000F3E47B /* Resources */ = {
			isa = PBXResourcesBuildPhase;
			buildActionMask = 2147483647;
			files = (
			);
			runOnlyForDeploymentPostprocessing = 0;
		};
		A91C5C6A2DA1965000F3E47B /* Resources */ = {
			isa = PBXResourcesBuildPhase;
			buildActionMask = 2147483647;
			files = (
			);
			runOnlyForDeploymentPostprocessing = 0;
		};
/* End PBXResourcesBuildPhase section */

/* Begin PBXSourcesBuildPhase section */
		A91C5C512DA1964E00F3E47B /* Sources */ = {
			isa = PBXSourcesBuildPhase;
			buildActionMask = 2147483647;
			files = (
			);
			runOnlyForDeploymentPostprocessing = 0;
		};
		A91C5C5E2DA1965000F3E47B /* Sources */ = {
			isa = PBXSourcesBuildPhase;
			buildActionMask = 2147483647;
			files = (
			);
			runOnlyForDeploymentPostprocessing = 0;
		};
		A91C5C682DA1965000F3E47B /* Sources */ = {
			isa = PBXSourcesBuildPhase;
			buildActionMask = 2147483647;
			files = (
			);
			runOnlyForDeploymentPostprocessing = 0;
		};
/* End PBXSourcesBuildPhase section */

/* Begin PBXTargetDependency section */
		A91C5C642DA1965000F3E47B /* PBXTargetDependency */ = {
			isa = PBXTargetDependency;
			target = A91C5C542DA1964E00F3E47B /* FetchRecipe */;
			targetProxy = A91C5C632DA1965000F3E47B /* PBXContainerItemProxy */;
		};
		A91C5C6E2DA1965000F3E47B /* PBXTargetDependency */ = {
			isa = PBXTargetDependency;
			target = A91C5C542DA1964E00F3E47B /* FetchRecipe */;
			targetProxy = A91C5C6D2DA1965000F3E47B /* PBXContainerItemProxy */;
		};
/* End PBXTargetDependency section */

/* Begin XCBuildConfiguration section */
		A91C5C742DA1965000F3E47B /* Debug */ = {
			isa = XCBuildConfiguration;
			buildSettings = {
				ALWAYS_SEARCH_USER_PATHS = NO;
				ASSETCATALOG_COMPILER_GENERATE_SWIFT_ASSET_SYMBOL_EXTENSIONS = YES;
				CLANG_ANALYZER_NONNULL = YES;
				CLANG_ANALYZER_NUMBER_OBJECT_CONVERSION = YES_AGGRESSIVE;
				CLANG_CXX_LANGUAGE_STANDARD = "gnu++20";
				CLANG_ENABLE_MODULES = YES;
				CLANG_ENABLE_OBJC_ARC = YES;
				CLANG_ENABLE_OBJC_WEAK = YES;
				CLANG_WARN_BLOCK_CAPTURE_AUTORELEASING = YES;
				CLANG_WARN_BOOL_CONVERSION = YES;
				CLANG_WARN_COMMA = YES;
				CLANG_WARN_CONSTANT_CONVERSION = YES;
				CLANG_WARN_DEPRECATED_OBJC_IMPLEMENTATIONS = YES;
				CLANG_WARN_DIRECT_OBJC_ISA_USAGE = YES_ERROR;
				CLANG_WARN_DOCUMENTATION_COMMENTS = YES;
				CLANG_WARN_EMPTY_BODY = YES;
				CLANG_WARN_ENUM_CONVERSION = YES;
				CLANG_WARN_INFINITE_RECURSION = YES;
				CLANG_WARN_INT_CONVERSION = YES;
				CLANG_WARN_NON_LITERAL_NULL_CONVERSION = YES;
				CLANG_WARN_OBJC_IMPLICIT_RETAIN_SELF = YES;
				CLANG_WARN_OBJC_LITERAL_CONVERSION = YES;
				CLANG_WARN_OBJC_ROOT_CLASS = YES_ERROR;
				CLANG_WARN_QUOTED_INCLUDE_IN_FRAMEWORK_HEADER = YES;
				CLANG_WARN_RANGE_LOOP_ANALYSIS = YES;
				CLANG_WARN_STRICT_PROTOTYPES = YES;
				CLANG_WARN_SUSPICIOUS_MOVE = YES;
				CLANG_WARN_UNGUARDED_AVAILABILITY = YES_AGGRESSIVE;
				CLANG_WARN_UNREACHABLE_CODE = YES;
				CLANG_WARN__DUPLICATE_METHOD_MATCH = YES;
				COPY_PHASE_STRIP = NO;
				DEBUG_INFORMATION_FORMAT = dwarf;
				DEVELOPMENT_TEAM = 6FNG5BEB4G;
				ENABLE_STRICT_OBJC_MSGSEND = YES;
				ENABLE_TESTABILITY = YES;
				ENABLE_USER_SCRIPT_SANDBOXING = YES;
				GCC_C_LANGUAGE_STANDARD = gnu17;
				GCC_DYNAMIC_NO_PIC = NO;
				GCC_NO_COMMON_BLOCKS = YES;
				GCC_OPTIMIZATION_LEVEL = 0;
				GCC_PREPROCESSOR_DEFINITIONS = (
					"DEBUG=1",
					"$(inherited)",
				);
				GCC_WARN_64_TO_32_BIT_CONVERSION = YES;
				GCC_WARN_ABOUT_RETURN_TYPE = YES_ERROR;
				GCC_WARN_UNDECLARED_SELECTOR = YES;
				GCC_WARN_UNINITIALIZED_AUTOS = YES_AGGRESSIVE;
				GCC_WARN_UNUSED_FUNCTION = YES;
				GCC_WARN_UNUSED_VARIABLE = YES;
				IPHONEOS_DEPLOYMENT_TARGET = 18.4;
				LOCALIZATION_PREFERS_STRING_CATALOGS = YES;
				MTL_ENABLE_DEBUG_INFO = INCLUDE_SOURCE;
				MTL_FAST_MATH = YES;
				ONLY_ACTIVE_ARCH = YES;
				SDKROOT = iphoneos;
				SWIFT_ACTIVE_COMPILATION_CONDITIONS = "DEBUG $(inherited)";
				SWIFT_OPTIMIZATION_LEVEL = "-Onone";
			};
			name = Debug;
		};
		A91C5C752DA1965000F3E47B /* Release */ = {
			isa = XCBuildConfiguration;
			buildSettings = {
				ALWAYS_SEARCH_USER_PATHS = NO;
				ASSETCATALOG_COMPILER_GENERATE_SWIFT_ASSET_SYMBOL_EXTENSIONS = YES;
				CLANG_ANALYZER_NONNULL = YES;
				CLANG_ANALYZER_NUMBER_OBJECT_CONVERSION = YES_AGGRESSIVE;
				CLANG_CXX_LANGUAGE_STANDARD = "gnu++20";
				CLANG_ENABLE_MODULES = YES;
				CLANG_ENABLE_OBJC_ARC = YES;
				CLANG_ENABLE_OBJC_WEAK = YES;
				CLANG_WARN_BLOCK_CAPTURE_AUTORELEASING = YES;
				CLANG_WARN_BOOL_CONVERSION = YES;
				CLANG_WARN_COMMA = YES;
				CLANG_WARN_CONSTANT_CONVERSION = YES;
				CLANG_WARN_DEPRECATED_OBJC_IMPLEMENTATIONS = YES;
				CLANG_WARN_DIRECT_OBJC_ISA_USAGE = YES_ERROR;
				CLANG_WARN_DOCUMENTATION_COMMENTS = YES;
				CLANG_WARN_EMPTY_BODY = YES;
				CLANG_WARN_ENUM_CONVERSION = YES;
				CLANG_WARN_INFINITE_RECURSION = YES;
				CLANG_WARN_INT_CONVERSION = YES;
				CLANG_WARN_NON_LITERAL_NULL_CONVERSION = YES;
				CLANG_WARN_OBJC_IMPLICIT_RETAIN_SELF = YES;
				CLANG_WARN_OBJC_LITERAL_CONVERSION = YES;
				CLANG_WARN_OBJC_ROOT_CLASS = YES_ERROR;
				CLANG_WARN_QUOTED_INCLUDE_IN_FRAMEWORK_HEADER = YES;
				CLANG_WARN_RANGE_LOOP_ANALYSIS = YES;
				CLANG_WARN_STRICT_PROTOTYPES = YES;
				CLANG_WARN_SUSPICIOUS_MOVE = YES;
				CLANG_WARN_UNGUARDED_AVAILABILITY = YES_AGGRESSIVE;
				CLANG_WARN_UNREACHABLE_CODE = YES;
				CLANG_WARN__DUPLICATE_METHOD_MATCH = YES;
				COPY_PHASE_STRIP = NO;
				DEBUG_INFORMATION_FORMAT = "dwarf-with-dsym";
				DEVELOPMENT_TEAM = 6FNG5BEB4G;
				ENABLE_NS_ASSERTIONS = NO;
				ENABLE_STRICT_OBJC_MSGSEND = YES;
				ENABLE_USER_SCRIPT_SANDBOXING = YES;
				GCC_C_LANGUAGE_STANDARD = gnu17;
				GCC_NO_COMMON_BLOCKS = YES;
				GCC_WARN_64_TO_32_BIT_CONVERSION = YES;
				GCC_WARN_ABOUT_RETURN_TYPE = YES_ERROR;
				GCC_WARN_UNDECLARED_SELECTOR = YES;
				GCC_WARN_UNINITIALIZED_AUTOS = YES_AGGRESSIVE;
				GCC_WARN_UNUSED_FUNCTION = YES;
				GCC_WARN_UNUSED_VARIABLE = YES;
				IPHONEOS_DEPLOYMENT_TARGET = 18.4;
				LOCALIZATION_PREFERS_STRING_CATALOGS = YES;
				MTL_ENABLE_DEBUG_INFO = NO;
				MTL_FAST_MATH = YES;
				SDKROOT = iphoneos;
				SWIFT_COMPILATION_MODE = wholemodule;
				VALIDATE_PRODUCT = YES;
			};
			name = Release;
		};
		A91C5C772DA1965000F3E47B /* Debug */ = {
			isa = XCBuildConfiguration;
			buildSettings = {
				ASSETCATALOG_COMPILER_APPICON_NAME = AppIcon;
				ASSETCATALOG_COMPILER_GLOBAL_ACCENT_COLOR_NAME = AccentColor;
				CODE_SIGN_STYLE = Automatic;
				CURRENT_PROJECT_VERSION = 1;
				DEVELOPMENT_TEAM = 6FNG5BEB4G;
				ENABLE_PREVIEWS = YES;
				GENERATE_INFOPLIST_FILE = YES;
				INFOPLIST_KEY_UIApplicationSceneManifest_Generation = YES;
				INFOPLIST_KEY_UIApplicationSupportsIndirectInputEvents = YES;
				INFOPLIST_KEY_UILaunchScreen_Generation = YES;
				INFOPLIST_KEY_UISupportedInterfaceOrientations_iPad = "UIInterfaceOrientationPortrait UIInterfaceOrientationPortraitUpsideDown UIInterfaceOrientationLandscapeLeft UIInterfaceOrientationLandscapeRight";
				INFOPLIST_KEY_UISupportedInterfaceOrientations_iPhone = "UIInterfaceOrientationPortrait UIInterfaceOrientationLandscapeLeft UIInterfaceOrientationLandscapeRight";
				LD_RUNPATH_SEARCH_PATHS = (
					"$(inherited)",
					"@executable_path/Frameworks",
				);
				MARKETING_VERSION = 1.0;
				PRODUCT_BUNDLE_IDENTIFIER = com.test.FetchRecipe;
				PRODUCT_NAME = "$(TARGET_NAME)";
				SWIFT_EMIT_LOC_STRINGS = YES;
				SWIFT_VERSION = 5.0;
				TARGETED_DEVICE_FAMILY = "1,2";
			};
			name = Debug;
		};
		A91C5C782DA1965000F3E47B /* Release */ = {
			isa = XCBuildConfiguration;
			buildSettings = {
				ASSETCATALOG_COMPILER_APPICON_NAME = AppIcon;
				ASSETCATALOG_COMPILER_GLOBAL_ACCENT_COLOR_NAME = AccentColor;
				CODE_SIGN_STYLE = Automatic;
				CURRENT_PROJECT_VERSION = 1;
				DEVELOPMENT_TEAM = 6FNG5BEB4G;
				ENABLE_PREVIEWS = YES;
				GENERATE_INFOPLIST_FILE = YES;
				INFOPLIST_KEY_UIApplicationSceneManifest_Generation = YES;
				INFOPLIST_KEY_UIApplicationSupportsIndirectInputEvents = YES;
				INFOPLIST_KEY_UILaunchScreen_Generation = YES;
				INFOPLIST_KEY_UISupportedInterfaceOrientations_iPad = "UIInterfaceOrientationPortrait UIInterfaceOrientationPortraitUpsideDown UIInterfaceOrientationLandscapeLeft UIInterfaceOrientationLandscapeRight";
				INFOPLIST_KEY_UISupportedInterfaceOrientations_iPhone = "UIInterfaceOrientationPortrait UIInterfaceOrientationLandscapeLeft UIInterfaceOrientationLandscapeRight";
				LD_RUNPATH_SEARCH_PATHS = (
					"$(inherited)",
					"@executable_path/Frameworks",
				);
				MARKETING_VERSION = 1.0;
				PRODUCT_BUNDLE_IDENTIFIER = com.test.FetchRecipe;
				PRODUCT_NAME = "$(TARGET_NAME)";
				SWIFT_EMIT_LOC_STRINGS = YES;
				SWIFT_VERSION = 5.0;
				TARGETED_DEVICE_FAMILY = "1,2";
			};
			name = Release;
		};
		A91C5C7A2DA1965000F3E47B /* Debug */ = {
			isa = XCBuildConfiguration;
			buildSettings = {
				BUNDLE_LOADER = "$(TEST_HOST)";
				CODE_SIGN_STYLE = Automatic;
				CURRENT_PROJECT_VERSION = 1;
				DEVELOPMENT_TEAM = 6FNG5BEB4G;
				GENERATE_INFOPLIST_FILE = YES;
				IPHONEOS_DEPLOYMENT_TARGET = 18.4;
				MARKETING_VERSION = 1.0;
				PRODUCT_BUNDLE_IDENTIFIER = com.test.FetchRecipeTests;
				PRODUCT_NAME = "$(TARGET_NAME)";
				SWIFT_EMIT_LOC_STRINGS = NO;
				SWIFT_VERSION = 5.0;
				TARGETED_DEVICE_FAMILY = "1,2";
				TEST_HOST = "$(BUILT_PRODUCTS_DIR)/FetchRecipe.app/$(BUNDLE_EXECUTABLE_FOLDER_PATH)/FetchRecipe";
			};
			name = Debug;
		};
		A91C5C7B2DA1965000F3E47B /* Release */ = {
			isa = XCBuildConfiguration;
			buildSettings = {
				BUNDLE_LOADER = "$(TEST_HOST)";
				CODE_SIGN_STYLE = Automatic;
				CURRENT_PROJECT_VERSION = 1;
				DEVELOPMENT_TEAM = 6FNG5BEB4G;
				GENERATE_INFOPLIST_FILE = YES;
				IPHONEOS_DEPLOYMENT_TARGET = 18.4;
				MARKETING_VERSION = 1.0;
				PRODUCT_BUNDLE_IDENTIFIER = com.test.FetchRecipeTests;
				PRODUCT_NAME = "$(TARGET_NAME)";
				SWIFT_EMIT_LOC_STRINGS = NO;
				SWIFT_VERSION = 5.0;
				TARGETED_DEVICE_FAMILY = "1,2";
				TEST_HOST = "$(BUILT_PRODUCTS_DIR)/FetchRecipe.app/$(BUNDLE_EXECUTABLE_FOLDER_PATH)/FetchRecipe";
			};
			name = Release;
		};
		A91C5C7D2DA1965000F3E47B /* Debug */ = {
			isa = XCBuildConfiguration;
			buildSettings = {
				CODE_SIGN_STYLE = Automatic;
				CURRENT_PROJECT_VERSION = 1;
				DEVELOPMENT_TEAM = 6FNG5BEB4G;
				GENERATE_INFOPLIST_FILE = YES;
				MARKETING_VERSION = 1.0;
				PRODUCT_BUNDLE_IDENTIFIER = com.test.FetchRecipeUITests;
				PRODUCT_NAME = "$(TARGET_NAME)";
				SWIFT_EMIT_LOC_STRINGS = NO;
				SWIFT_VERSION = 5.0;
				TARGETED_DEVICE_FAMILY = "1,2";
				TEST_TARGET_NAME = FetchRecipe;
			};
			name = Debug;
		};
		A91C5C7E2DA1965000F3E47B /* Release */ = {
			isa = XCBuildConfiguration;
			buildSettings = {
				CODE_SIGN_STYLE = Automatic;
				CURRENT_PROJECT_VERSION = 1;
				DEVELOPMENT_TEAM = 6FNG5BEB4G;
				GENERATE_INFOPLIST_FILE = YES;
				MARKETING_VERSION = 1.0;
				PRODUCT_BUNDLE_IDENTIFIER = com.test.FetchRecipeUITests;
				PRODUCT_NAME = "$(TARGET_NAME)";
				SWIFT_EMIT_LOC_STRINGS = NO;
				SWIFT_VERSION = 5.0;
				TARGETED_DEVICE_FAMILY = "1,2";
				TEST_TARGET_NAME = FetchRecipe;
			};
			name = Release;
		};
/* End XCBuildConfiguration section */

/* Begin XCConfigurationList section */
		A91C5C502DA1964E00F3E47B /* Build configuration list for PBXProject "FetchRecipe" */ = {
			isa = XCConfigurationList;
			buildConfigurations = (
				A91C5C742DA1965000F3E47B /* Debug */,
				A91C5C752DA1965000F3E47B /* Release */,
			);
			defaultConfigurationIsVisible = 0;
			defaultConfigurationName = Release;
		};
		A91C5C762DA1965000F3E47B /* Build configuration list for PBXNativeTarget "FetchRecipe" */ = {
			isa = XCConfigurationList;
			buildConfigurations = (
				A91C5C772DA1965000F3E47B /* Debug */,
				A91C5C782DA1965000F3E47B /* Release */,
			);
			defaultConfigurationIsVisible = 0;
			defaultConfigurationName = Release;
		};
		A91C5C792DA1965000F3E47B /* Build configuration list for PBXNativeTarget "FetchRecipeTests" */ = {
			isa = XCConfigurationList;
			buildConfigurations = (
				A91C5C7A2DA1965000F3E47B /* Debug */,
				A91C5C7B2DA1965000F3E47B /* Release */,
			);
			defaultConfigurationIsVisible = 0;
			defaultConfigurationName = Release;
		};
		A91C5C7C2DA1965000F3E47B /* Build configuration list for PBXNativeTarget "FetchRecipeUITests" */ = {
			isa = XCConfigurationList;
			buildConfigurations = (
				A91C5C7D2DA1965000F3E47B /* Debug */,
				A91C5C7E2DA1965000F3E47B /* Release */,
			);
			defaultConfigurationIsVisible = 0;
			defaultConfigurationName = Release;
		};
/* End XCConfigurationList section */
	};
	rootObject = A91C5C4D2DA1964E00F3E47B /* Project object */;
}
